dependencies:
- name: minio
  repository: https://kubernetes-charts.storage.googleapis.com/
  version: 5.0.24
- name: couchbase-operator
  repository: https://couchbase-partners.github.io/helm-charts/
  version: 0.1.2
- name: couchbase-cluster
  repository: https://couchbase-partners.github.io/helm-charts/
  version: 0.1.2
- name: efs-provisioner
  repository: https://kubernetes-charts.storage.googleapis.com/
  version: 0.11.0
- name: nfs-server-provisioner
  repository: https://kubernetes-charts.storage.googleapis.com/
  version: 1.1.1
- name: cert-manager
  repository: https://charts.jetstack.io
  version: v0.14.3
- name: nginx-ingress
  repository: https://kubernetes-charts.storage.googleapis.com/
  version: 1.36.3
- name: filebeat
  repository: https://helm.elastic.co
  version: 7.6.2
- name: elasticsearch
  repository: https://helm.elastic.co
  version: 7.6.2
- name: kibana
  repository: https://helm.elastic.co
  version: 7.6.2
- name: prometheus-operator
  repository: https://kubernetes-charts.storage.googleapis.com/
  version: 8.13.3
digest: sha256:e1057e3d162cbbe7d2c716968cb916843b5ba1c50b29bffec29f980d2c3066e3
generated: "2020-07-16T19:40:18.289599087+10:00"
