
Microsoft Visual Studio Solution File, Format Version 12.00
# Visual Studio 15
VisualStudioVersion = 15.0.28307.902
MinimumVisualStudioVersion = 10.0.40219.1
Project("{2150E333-8FDC-42A3-9474-1A3956D46DE8}") = "Solution Items", "Solution Items", "{F78E2168-8FAA-49DB-AA1A-03F009516D2D}"
EndProject
Project("{8BC9CEB8-8B4A-11D0-8D11-00A0C91BC942}") = "DetoursNT", "lib\DetoursNT\DetoursNT.vcxproj", "{C78B9003-FC49-4BBF-8F29-52FAD48BB58A}"
EndProject
Project("{8BC9CEB8-8B4A-11D0-8D11-00A0C91BC942}") = "HookDLL", "src\HookDLL\HookDLL.vcxproj", "{C974828F-CC09-4BA6-B277-EF15C4296200}"
	ProjectSection(ProjectDependencies) = postProject
		{C78B9003-FC49-4BBF-8F29-52FAD48BB58A} = {C78B9003-FC49-4BBF-8F29-52FAD48BB58A}
	EndProjectSection
EndProject
Project("{8BC9CEB8-8B4A-11D0-8D11-00A0C91BC942}") = "TestHook", "src\TestHook\malware-simulator.vcxproj", "{BFBB64CA-3371-43FE-9B06-B9F9ABA20D82}"
EndProject
Project("{8BC9CEB8-8B4A-11D0-8D11-00A0C91BC942}") = "Driver", "src\Driver\Driver.vcxproj", "{10FD24EF-BFEE-43DE-AD9A-BEAC5824E102}"
EndProject
Project("{8BC9CEB8-8B4A-11D0-8D11-00A0C91BC942}") = "Loader", "src\Loader\Loader.vcxproj", "{AB786C3B-C52A-4E52-A0E2-4A39CE579A5A}"
EndProject
Project("{8BC9CEB8-8B4A-11D0-8D11-00A0C91BC942}") = "HookTest", "HookTest\HookTest.vcxproj", "{64DA4FF0-B1F9-4009-B33C-9873E4119EA0}"
EndProject
Global
	GlobalSection(SolutionConfigurationPlatforms) = preSolution
		Debug|ARM = Debug|ARM
		Debug|ARM64 = Debug|ARM64
		Debug|x64 = Debug|x64
		Debug|x86 = Debug|x86
		Release|ARM = Release|ARM
		Release|ARM64 = Release|ARM64
		Release|x64 = Release|x64
		Release|x86 = Release|x86
	EndGlobalSection
	GlobalSection(ProjectConfigurationPlatforms) = postSolution
		{C78B9003-FC49-4BBF-8F29-52FAD48BB58A}.Debug|ARM.ActiveCfg = Debug|ARM
		{C78B9003-FC49-4BBF-8F29-52FAD48BB58A}.Debug|ARM.Build.0 = Debug|ARM
		{C78B9003-FC49-4BBF-8F29-52FAD48BB58A}.Debug|ARM64.ActiveCfg = Debug|ARM64
		{C78B9003-FC49-4BBF-8F29-52FAD48BB58A}.Debug|ARM64.Build.0 = Debug|ARM64
		{C78B9003-FC49-4BBF-8F29-52FAD48BB58A}.Debug|x64.ActiveCfg = Debug|x64
		{C78B9003-FC49-4BBF-8F29-52FAD48BB58A}.Debug|x64.Build.0 = Debug|x64
		{C78B9003-FC49-4BBF-8F29-52FAD48BB58A}.Debug|x86.ActiveCfg = Debug|Win32
		{C78B9003-FC49-4BBF-8F29-52FAD48BB58A}.Debug|x86.Build.0 = Debug|Win32
		{C78B9003-FC49-4BBF-8F29-52FAD48BB58A}.Release|ARM.ActiveCfg = Release|ARM
		{C78B9003-FC49-4BBF-8F29-52FAD48BB58A}.Release|ARM.Build.0 = Release|ARM
		{C78B9003-FC49-4BBF-8F29-52FAD48BB58A}.Release|ARM64.ActiveCfg = Release|ARM64
		{C78B9003-FC49-4BBF-8F29-52FAD48BB58A}.Release|ARM64.Build.0 = Release|ARM64
		{C78B9003-FC49-4BBF-8F29-52FAD48BB58A}.Release|x64.ActiveCfg = Release|x64
		{C78B9003-FC49-4BBF-8F29-52FAD48BB58A}.Release|x64.Build.0 = Release|x64
		{C78B9003-FC49-4BBF-8F29-52FAD48BB58A}.Release|x86.ActiveCfg = Release|Win32
		{C78B9003-FC49-4BBF-8F29-52FAD48BB58A}.Release|x86.Build.0 = Release|Win32
		{C974828F-CC09-4BA6-B277-EF15C4296200}.Debug|ARM.ActiveCfg = Debug|Win32
		{C974828F-CC09-4BA6-B277-EF15C4296200}.Debug|ARM64.ActiveCfg = Debug|Win32
		{C974828F-CC09-4BA6-B277-EF15C4296200}.Debug|x64.ActiveCfg = Debug|x64
		{C974828F-CC09-4BA6-B277-EF15C4296200}.Debug|x64.Build.0 = Debug|x64
		{C974828F-CC09-4BA6-B277-EF15C4296200}.Debug|x86.ActiveCfg = Debug|Win32
		{C974828F-CC09-4BA6-B277-EF15C4296200}.Debug|x86.Build.0 = Debug|Win32
		{C974828F-CC09-4BA6-B277-EF15C4296200}.Release|ARM.ActiveCfg = Release|Win32
		{C974828F-CC09-4BA6-B277-EF15C4296200}.Release|ARM64.ActiveCfg = Release|Win32
		{C974828F-CC09-4BA6-B277-EF15C4296200}.Release|x64.ActiveCfg = Release|x64
		{C974828F-CC09-4BA6-B277-EF15C4296200}.Release|x64.Build.0 = Release|x64
		{C974828F-CC09-4BA6-B277-EF15C4296200}.Release|x86.ActiveCfg = Release|Win32
		{C974828F-CC09-4BA6-B277-EF15C4296200}.Release|x86.Build.0 = Release|Win32
		{BFBB64CA-3371-43FE-9B06-B9F9ABA20D82}.Debug|ARM.ActiveCfg = Debug|Win32
		{BFBB64CA-3371-43FE-9B06-B9F9ABA20D82}.Debug|ARM64.ActiveCfg = Debug|Win32
		{BFBB64CA-3371-43FE-9B06-B9F9ABA20D82}.Debug|x64.ActiveCfg = Debug|x64
		{BFBB64CA-3371-43FE-9B06-B9F9ABA20D82}.Debug|x64.Build.0 = Debug|x64
		{BFBB64CA-3371-43FE-9B06-B9F9ABA20D82}.Debug|x86.ActiveCfg = Debug|Win32
		{BFBB64CA-3371-43FE-9B06-B9F9ABA20D82}.Debug|x86.Build.0 = Debug|Win32
		{BFBB64CA-3371-43FE-9B06-B9F9ABA20D82}.Release|ARM.ActiveCfg = Release|Win32
		{BFBB64CA-3371-43FE-9B06-B9F9ABA20D82}.Release|ARM64.ActiveCfg = Release|Win32
		{BFBB64CA-3371-43FE-9B06-B9F9ABA20D82}.Release|x64.ActiveCfg = Release|x64
		{BFBB64CA-3371-43FE-9B06-B9F9ABA20D82}.Release|x64.Build.0 = Release|x64
		{BFBB64CA-3371-43FE-9B06-B9F9ABA20D82}.Release|x86.ActiveCfg = Release|Win32
		{BFBB64CA-3371-43FE-9B06-B9F9ABA20D82}.Release|x86.Build.0 = Release|Win32
		{10FD24EF-BFEE-43DE-AD9A-BEAC5824E102}.Debug|ARM.ActiveCfg = Debug|ARM
		{10FD24EF-BFEE-43DE-AD9A-BEAC5824E102}.Debug|ARM.Build.0 = Debug|ARM
		{10FD24EF-BFEE-43DE-AD9A-BEAC5824E102}.Debug|ARM.Deploy.0 = Debug|ARM
		{10FD24EF-BFEE-43DE-AD9A-BEAC5824E102}.Debug|ARM64.ActiveCfg = Debug|ARM64
		{10FD24EF-BFEE-43DE-AD9A-BEAC5824E102}.Debug|ARM64.Build.0 = Debug|ARM64
		{10FD24EF-BFEE-43DE-AD9A-BEAC5824E102}.Debug|ARM64.Deploy.0 = Debug|ARM64
		{10FD24EF-BFEE-43DE-AD9A-BEAC5824E102}.Debug|x64.ActiveCfg = Debug|x64
		{10FD24EF-BFEE-43DE-AD9A-BEAC5824E102}.Debug|x64.Build.0 = Debug|x64
		{10FD24EF-BFEE-43DE-AD9A-BEAC5824E102}.Debug|x64.Deploy.0 = Debug|x64
		{10FD24EF-BFEE-43DE-AD9A-BEAC5824E102}.Debug|x86.ActiveCfg = Debug|Win32
		{10FD24EF-BFEE-43DE-AD9A-BEAC5824E102}.Debug|x86.Build.0 = Debug|Win32
		{10FD24EF-BFEE-43DE-AD9A-BEAC5824E102}.Debug|x86.Deploy.0 = Debug|Win32
		{10FD24EF-BFEE-43DE-AD9A-BEAC5824E102}.Release|ARM.ActiveCfg = Release|ARM
		{10FD24EF-BFEE-43DE-AD9A-BEAC5824E102}.Release|ARM.Build.0 = Release|ARM
		{10FD24EF-BFEE-43DE-AD9A-BEAC5824E102}.Release|ARM.Deploy.0 = Release|ARM
		{10FD24EF-BFEE-43DE-AD9A-BEAC5824E102}.Release|ARM64.ActiveCfg = Release|ARM64
		{10FD24EF-BFEE-43DE-AD9A-BEAC5824E102}.Release|ARM64.Build.0 = Release|ARM64
		{10FD24EF-BFEE-43DE-AD9A-BEAC5824E102}.Release|ARM64.Deploy.0 = Release|ARM64
		{10FD24EF-BFEE-43DE-AD9A-BEAC5824E102}.Release|x64.ActiveCfg = Release|x64
		{10FD24EF-BFEE-43DE-AD9A-BEAC5824E102}.Release|x64.Build.0 = Release|x64
		{10FD24EF-BFEE-43DE-AD9A-BEAC5824E102}.Release|x64.Deploy.0 = Release|x64
		{10FD24EF-BFEE-43DE-AD9A-BEAC5824E102}.Release|x86.ActiveCfg = Release|Win32
		{10FD24EF-BFEE-43DE-AD9A-BEAC5824E102}.Release|x86.Build.0 = Release|Win32
		{10FD24EF-BFEE-43DE-AD9A-BEAC5824E102}.Release|x86.Deploy.0 = Release|Win32
		{AB786C3B-C52A-4E52-A0E2-4A39CE579A5A}.Debug|ARM.ActiveCfg = Debug|Win32
		{AB786C3B-C52A-4E52-A0E2-4A39CE579A5A}.Debug|ARM64.ActiveCfg = Debug|Win32
		{AB786C3B-C52A-4E52-A0E2-4A39CE579A5A}.Debug|x64.ActiveCfg = Debug|x64
		{AB786C3B-C52A-4E52-A0E2-4A39CE579A5A}.Debug|x64.Build.0 = Debug|x64
		{AB786C3B-C52A-4E52-A0E2-4A39CE579A5A}.Debug|x86.ActiveCfg = Debug|Win32
		{AB786C3B-C52A-4E52-A0E2-4A39CE579A5A}.Debug|x86.Build.0 = Debug|Win32
		{AB786C3B-C52A-4E52-A0E2-4A39CE579A5A}.Release|ARM.ActiveCfg = Release|Win32
		{AB786C3B-C52A-4E52-A0E2-4A39CE579A5A}.Release|ARM64.ActiveCfg = Release|Win32
		{AB786C3B-C52A-4E52-A0E2-4A39CE579A5A}.Release|x64.ActiveCfg = Release|x64
		{AB786C3B-C52A-4E52-A0E2-4A39CE579A5A}.Release|x64.Build.0 = Release|x64
		{AB786C3B-C52A-4E52-A0E2-4A39CE579A5A}.Release|x86.ActiveCfg = Release|Win32
		{AB786C3B-C52A-4E52-A0E2-4A39CE579A5A}.Release|x86.Build.0 = Release|Win32
		{64DA4FF0-B1F9-4009-B33C-9873E4119EA0}.Debug|ARM.ActiveCfg = Debug|Win32
		{64DA4FF0-B1F9-4009-B33C-9873E4119EA0}.Debug|ARM64.ActiveCfg = Debug|Win32
		{64DA4FF0-B1F9-4009-B33C-9873E4119EA0}.Debug|x64.ActiveCfg = Debug|x64
		{64DA4FF0-B1F9-4009-B33C-9873E4119EA0}.Debug|x64.Build.0 = Debug|x64
		{64DA4FF0-B1F9-4009-B33C-9873E4119EA0}.Debug|x86.ActiveCfg = Debug|Win32
		{64DA4FF0-B1F9-4009-B33C-9873E4119EA0}.Debug|x86.Build.0 = Debug|Win32
		{64DA4FF0-B1F9-4009-B33C-9873E4119EA0}.Release|ARM.ActiveCfg = Release|Win32
		{64DA4FF0-B1F9-4009-B33C-9873E4119EA0}.Release|ARM64.ActiveCfg = Release|Win32
		{64DA4FF0-B1F9-4009-B33C-9873E4119EA0}.Release|x64.ActiveCfg = Release|x64
		{64DA4FF0-B1F9-4009-B33C-9873E4119EA0}.Release|x64.Build.0 = Release|x64
		{64DA4FF0-B1F9-4009-B33C-9873E4119EA0}.Release|x86.ActiveCfg = Release|Win32
		{64DA4FF0-B1F9-4009-B33C-9873E4119EA0}.Release|x86.Build.0 = Release|Win32
	EndGlobalSection
	GlobalSection(SolutionProperties) = preSolution
		HideSolutionNode = FALSE
	EndGlobalSection
	GlobalSection(ExtensibilityGlobals) = postSolution
		SolutionGuid = {EF13CDA5-6760-4EB6-A527-DC4515EEE6C6}
	EndGlobalSection
EndGlobal
